// !$*UTF8*$!
{
	archiveVersion = 1;
	classes = {
	};
	objectVersion = 55;
	objects = {

/* Begin PBXBuildFile section */
		332F9AE028ABDDE70082F759 /* AppDelegate.swift in Sources */ = {isa = PBXBuildFile; fileRef = 332F9ADF28ABDDE70082F759 /* AppDelegate.swift */; };
		332F9AE228ABDDE70082F759 /* SceneDelegate.swift in Sources */ = {isa = PBXBuildFile; fileRef = 332F9AE128ABDDE70082F759 /* SceneDelegate.swift */; };
		332F9AE428ABDDE70082F759 /* ViewController.swift in Sources */ = {isa = PBXBuildFile; fileRef = 332F9AE328ABDDE70082F759 /* ViewController.swift */; };
		332F9AE728ABDDE70082F759 /* Main.storyboard in Resources */ = {isa = PBXBuildFile; fileRef = 332F9AE528ABDDE70082F759 /* Main.storyboard */; };
		332F9AE928ABDDE80082F759 /* Assets.xcassets in Resources */ = {isa = PBXBuildFile; fileRef = 332F9AE828ABDDE80082F759 /* Assets.xcassets */; };
		332F9AEC28ABDDE80082F759 /* LaunchScreen.storyboard in Resources */ = {isa = PBXBuildFile; fileRef = 332F9AEA28ABDDE80082F759 /* LaunchScreen.storyboard */; };
		332F9AF728ABDDE80082F759 /* NasaAppTests.swift in Sources */ = {isa = PBXBuildFile; fileRef = 332F9AF628ABDDE80082F759 /* NasaAppTests.swift */; };
		332F9B0128ABDDE80082F759 /* NasaAppUITests.swift in Sources */ = {isa = PBXBuildFile; fileRef = 332F9B0028ABDDE80082F759 /* NasaAppUITests.swift */; };
		332F9B0328ABDDE80082F759 /* NasaAppUITestsLaunchTests.swift in Sources */ = {isa = PBXBuildFile; fileRef = 332F9B0228ABDDE80082F759 /* NasaAppUITestsLaunchTests.swift */; };
		332F9B1628ACD0810082F759 /* Photo.swift in Sources */ = {isa = PBXBuildFile; fileRef = 332F9B1528ACD0810082F759 /* Photo.swift */; };
		332F9B1828ACD08B0082F759 /* Camera.swift in Sources */ = {isa = PBXBuildFile; fileRef = 332F9B1728ACD08B0082F759 /* Camera.swift */; };
		332F9B1A28ACD0940082F759 /* Rover.swift in Sources */ = {isa = PBXBuildFile; fileRef = 332F9B1928ACD0940082F759 /* Rover.swift */; };
		332F9B1C28ACD2490082F759 /* NasaService.swift in Sources */ = {isa = PBXBuildFile; fileRef = 332F9B1B28ACD2490082F759 /* NasaService.swift */; };
		332F9B2028ACF5000082F759 /* NasaPresenter.swift in Sources */ = {isa = PBXBuildFile; fileRef = 332F9B1F28ACF5000082F759 /* NasaPresenter.swift */; };
		332F9B2328ACFDE00082F759 /* PhotoResponse.swift in Sources */ = {isa = PBXBuildFile; fileRef = 332F9B2228ACFDE00082F759 /* PhotoResponse.swift */; };
		332F9B2928AD19D60082F759 /* PhotoCell.swift in Sources */ = {isa = PBXBuildFile; fileRef = 332F9B2828AD19D60082F759 /* PhotoCell.swift */; };
		332F9B2B28AD4DA40082F759 /* UIColor+Extension.swift in Sources */ = {isa = PBXBuildFile; fileRef = 332F9B2A28AD4DA40082F759 /* UIColor+Extension.swift */; };
		3338746328AE1326009CB4D9 /* RoverType.swift in Sources */ = {isa = PBXBuildFile; fileRef = 3338746228AE1326009CB4D9 /* RoverType.swift */; };
		3338746528AFA039009CB4D9 /* DetailViewController.swift in Sources */ = {isa = PBXBuildFile; fileRef = 3338746428AFA038009CB4D9 /* DetailViewController.swift */; };
		43664AD78DAF682B9F80479F /* Pods_NasaAppTests.framework in Frameworks */ = {isa = PBXBuildFile; fileRef = 5FD71B5F690878A08D2EE6E0 /* Pods_NasaAppTests.framework */; };
		ABA7828CE6165AD5AE984BC6 /* Pods_NasaApp_NasaAppUITests.framework in Frameworks */ = {isa = PBXBuildFile; fileRef = 86B76DC90C394BEEB97224B0 /* Pods_NasaApp_NasaAppUITests.framework */; };
		DF321894F43054611E9A121B /* Pods_NasaApp.framework in Frameworks */ = {isa = PBXBuildFile; fileRef = 7CF4CB105A4BFE91DDC1E771 /* Pods_NasaApp.framework */; };
/* End PBXBuildFile section */

/* Begin PBXContainerItemProxy section */
		332F9AF328ABDDE80082F759 /* PBXContainerItemProxy */ = {
			isa = PBXContainerItemProxy;
			containerPortal = 332F9AD428ABDDE70082F759 /* Project object */;
			proxyType = 1;
			remoteGlobalIDString = 332F9ADB28ABDDE70082F759;
			remoteInfo = NasaApp;
		};
		332F9AFD28ABDDE80082F759 /* PBXContainerItemProxy */ = {
			isa = PBXContainerItemProxy;
			containerPortal = 332F9AD428ABDDE70082F759 /* Project object */;
			proxyType = 1;
			remoteGlobalIDString = 332F9ADB28ABDDE70082F759;
			remoteInfo = NasaApp;
		};
/* End PBXContainerItemProxy section */

/* Begin PBXFileReference section */
		1B1A1192726EB982E0BAE0FB /* Pods-NasaApp-NasaAppUITests.release.xcconfig */ = {isa = PBXFileReference; includeInIndex = 1; lastKnownFileType = text.xcconfig; name = "Pods-NasaApp-NasaAppUITests.release.xcconfig"; path = "Target Support Files/Pods-NasaApp-NasaAppUITests/Pods-NasaApp-NasaAppUITests.release.xcconfig"; sourceTree = "<group>"; };
		332F9ADC28ABDDE70082F759 /* NasaApp.app */ = {isa = PBXFileReference; explicitFileType = wrapper.application; includeInIndex = 0; path = NasaApp.app; sourceTree = BUILT_PRODUCTS_DIR; };
		332F9ADF28ABDDE70082F759 /* AppDelegate.swift */ = {isa = PBXFileReference; lastKnownFileType = sourcecode.swift; path = AppDelegate.swift; sourceTree = "<group>"; };
		332F9AE128ABDDE70082F759 /* SceneDelegate.swift */ = {isa = PBXFileReference; lastKnownFileType = sourcecode.swift; path = SceneDelegate.swift; sourceTree = "<group>"; };
		332F9AE328ABDDE70082F759 /* ViewController.swift */ = {isa = PBXFileReference; lastKnownFileType = sourcecode.swift; path = ViewController.swift; sourceTree = "<group>"; };
		332F9AE628ABDDE70082F759 /* Base */ = {isa = PBXFileReference; lastKnownFileType = file.storyboard; name = Base; path = Base.lproj/Main.storyboard; sourceTree = "<group>"; };
		332F9AE828ABDDE80082F759 /* Assets.xcassets */ = {isa = PBXFileReference; lastKnownFileType = folder.assetcatalog; path = Assets.xcassets; sourceTree = "<group>"; };
		332F9AEB28ABDDE80082F759 /* Base */ = {isa = PBXFileReference; lastKnownFileType = file.storyboard; name = Base; path = Base.lproj/LaunchScreen.storyboard; sourceTree = "<group>"; };
		332F9AED28ABDDE80082F759 /* Info.plist */ = {isa = PBXFileReference; lastKnownFileType = text.plist.xml; path = Info.plist; sourceTree = "<group>"; };
		332F9AF228ABDDE80082F759 /* NasaAppTests.xctest */ = {isa = PBXFileReference; explicitFileType = wrapper.cfbundle; includeInIndex = 0; path = NasaAppTests.xctest; sourceTree = BUILT_PRODUCTS_DIR; };
		332F9AF628ABDDE80082F759 /* NasaAppTests.swift */ = {isa = PBXFileReference; lastKnownFileType = sourcecode.swift; path = NasaAppTests.swift; sourceTree = "<group>"; };
		332F9AFC28ABDDE80082F759 /* NasaAppUITests.xctest */ = {isa = PBXFileReference; explicitFileType = wrapper.cfbundle; includeInIndex = 0; path = NasaAppUITests.xctest; sourceTree = BUILT_PRODUCTS_DIR; };
		332F9B0028ABDDE80082F759 /* NasaAppUITests.swift */ = {isa = PBXFileReference; lastKnownFileType = sourcecode.swift; path = NasaAppUITests.swift; sourceTree = "<group>"; };
		332F9B0228ABDDE80082F759 /* NasaAppUITestsLaunchTests.swift */ = {isa = PBXFileReference; lastKnownFileType = sourcecode.swift; path = NasaAppUITestsLaunchTests.swift; sourceTree = "<group>"; };
		332F9B1528ACD0810082F759 /* Photo.swift */ = {isa = PBXFileReference; lastKnownFileType = sourcecode.swift; path = Photo.swift; sourceTree = "<group>"; };
		332F9B1728ACD08B0082F759 /* Camera.swift */ = {isa = PBXFileReference; lastKnownFileType = sourcecode.swift; path = Camera.swift; sourceTree = "<group>"; };
		332F9B1928ACD0940082F759 /* Rover.swift */ = {isa = PBXFileReference; lastKnownFileType = sourcecode.swift; path = Rover.swift; sourceTree = "<group>"; };
		332F9B1B28ACD2490082F759 /* NasaService.swift */ = {isa = PBXFileReference; lastKnownFileType = sourcecode.swift; path = NasaService.swift; sourceTree = "<group>"; };
		332F9B1F28ACF5000082F759 /* NasaPresenter.swift */ = {isa = PBXFileReference; lastKnownFileType = sourcecode.swift; path = NasaPresenter.swift; sourceTree = "<group>"; };
		332F9B2228ACFDE00082F759 /* PhotoResponse.swift */ = {isa = PBXFileReference; lastKnownFileType = sourcecode.swift; path = PhotoResponse.swift; sourceTree = "<group>"; };
		332F9B2828AD19D60082F759 /* PhotoCell.swift */ = {isa = PBXFileReference; lastKnownFileType = sourcecode.swift; path = PhotoCell.swift; sourceTree = "<group>"; };
		332F9B2A28AD4DA40082F759 /* UIColor+Extension.swift */ = {isa = PBXFileReference; lastKnownFileType = sourcecode.swift; path = "UIColor+Extension.swift"; sourceTree = "<group>"; };
		3338746228AE1326009CB4D9 /* RoverType.swift */ = {isa = PBXFileReference; lastKnownFileType = sourcecode.swift; path = RoverType.swift; sourceTree = "<group>"; };
		3338746428AFA038009CB4D9 /* DetailViewController.swift */ = {isa = PBXFileReference; lastKnownFileType = sourcecode.swift; path = DetailViewController.swift; sourceTree = "<group>"; };
		5FD71B5F690878A08D2EE6E0 /* Pods_NasaAppTests.framework */ = {isa = PBXFileReference; explicitFileType = wrapper.framework; includeInIndex = 0; path = Pods_NasaAppTests.framework; sourceTree = BUILT_PRODUCTS_DIR; };
		6E2DF93C16F7F66DF606A898 /* Pods-NasaAppTests.debug.xcconfig */ = {isa = PBXFileReference; includeInIndex = 1; lastKnownFileType = text.xcconfig; name = "Pods-NasaAppTests.debug.xcconfig"; path = "Target Support Files/Pods-NasaAppTests/Pods-NasaAppTests.debug.xcconfig"; sourceTree = "<group>"; };
		7CF4CB105A4BFE91DDC1E771 /* Pods_NasaApp.framework */ = {isa = PBXFileReference; explicitFileType = wrapper.framework; includeInIndex = 0; path = Pods_NasaApp.framework; sourceTree = BUILT_PRODUCTS_DIR; };
		837228579082CD755BEBB583 /* Pods-NasaAppTests.release.xcconfig */ = {isa = PBXFileReference; includeInIndex = 1; lastKnownFileType = text.xcconfig; name = "Pods-NasaAppTests.release.xcconfig"; path = "Target Support Files/Pods-NasaAppTests/Pods-NasaAppTests.release.xcconfig"; sourceTree = "<group>"; };
		86B76DC90C394BEEB97224B0 /* Pods_NasaApp_NasaAppUITests.framework */ = {isa = PBXFileReference; explicitFileType = wrapper.framework; includeInIndex = 0; path = Pods_NasaApp_NasaAppUITests.framework; sourceTree = BUILT_PRODUCTS_DIR; };
		9ECFCE7CDF4F2AE8772F53AD /* Pods-NasaApp-NasaAppUITests.debug.xcconfig */ = {isa = PBXFileReference; includeInIndex = 1; lastKnownFileType = text.xcconfig; name = "Pods-NasaApp-NasaAppUITests.debug.xcconfig"; path = "Target Support Files/Pods-NasaApp-NasaAppUITests/Pods-NasaApp-NasaAppUITests.debug.xcconfig"; sourceTree = "<group>"; };
		DEE8AE312E3CFB4BB00B7C97 /* Pods-NasaApp.release.xcconfig */ = {isa = PBXFileReference; includeInIndex = 1; lastKnownFileType = text.xcconfig; name = "Pods-NasaApp.release.xcconfig"; path = "Target Support Files/Pods-NasaApp/Pods-NasaApp.release.xcconfig"; sourceTree = "<group>"; };
		F81895ACBC3BB28E272898A6 /* Pods-NasaApp.debug.xcconfig */ = {isa = PBXFileReference; includeInIndex = 1; lastKnownFileType = text.xcconfig; name = "Pods-NasaApp.debug.xcconfig"; path = "Target Support Files/Pods-NasaApp/Pods-NasaApp.debug.xcconfig"; sourceTree = "<group>"; };
/* End PBXFileReference section */

/* Begin PBXFrameworksBuildPhase section */
		332F9AD928ABDDE70082F759 /* Frameworks */ = {
			isa = PBXFrameworksBuildPhase;
			buildActionMask = 2147483647;
			files = (
				DF321894F43054611E9A121B /* Pods_NasaApp.framework in Frameworks */,
			);
			runOnlyForDeploymentPostprocessing = 0;
		};
		332F9AEF28ABDDE80082F759 /* Frameworks */ = {
			isa = PBXFrameworksBuildPhase;
			buildActionMask = 2147483647;
			files = (
				43664AD78DAF682B9F80479F /* Pods_NasaAppTests.framework in Frameworks */,
			);
			runOnlyForDeploymentPostprocessing = 0;
		};
		332F9AF928ABDDE80082F759 /* Frameworks */ = {
			isa = PBXFrameworksBuildPhase;
			buildActionMask = 2147483647;
			files = (
				ABA7828CE6165AD5AE984BC6 /* Pods_NasaApp_NasaAppUITests.framework in Frameworks */,
			);
			runOnlyForDeploymentPostprocessing = 0;
		};
/* End PBXFrameworksBuildPhase section */

/* Begin PBXGroup section */
		332F9AD328ABDDE70082F759 = {
			isa = PBXGroup;
			children = (
				332F9ADE28ABDDE70082F759 /* NasaApp */,
				332F9AF528ABDDE80082F759 /* NasaAppTests */,
				332F9AFF28ABDDE80082F759 /* NasaAppUITests */,
				332F9ADD28ABDDE70082F759 /* Products */,
				BAC05837E725D717CE767AA5 /* Pods */,
				99CAAD8404ACE1090EE2BAE4 /* Frameworks */,
			);
			sourceTree = "<group>";
		};
		332F9ADD28ABDDE70082F759 /* Products */ = {
			isa = PBXGroup;
			children = (
				332F9ADC28ABDDE70082F759 /* NasaApp.app */,
				332F9AF228ABDDE80082F759 /* NasaAppTests.xctest */,
				332F9AFC28ABDDE80082F759 /* NasaAppUITests.xctest */,
			);
			name = Products;
			sourceTree = "<group>";
		};
		332F9ADE28ABDDE70082F759 /* NasaApp */ = {
			isa = PBXGroup;
			children = (
				332F9B1228ACCEDD0082F759 /* View */,
				332F9B1128ACCED10082F759 /* Presenter */,
				332F9B1028ACCECC0082F759 /* Model */,
				332F9B0F28ACCD790082F759 /* Service */,
				332F9B1428ACD03F0082F759 /* Utils+Extensions */,
				332F9AE828ABDDE80082F759 /* Assets.xcassets */,
				332F9AED28ABDDE80082F759 /* Info.plist */,
			);
			path = NasaApp;
			sourceTree = "<group>";
		};
		332F9AF528ABDDE80082F759 /* NasaAppTests */ = {
			isa = PBXGroup;
			children = (
				332F9AF628ABDDE80082F759 /* NasaAppTests.swift */,
			);
			path = NasaAppTests;
			sourceTree = "<group>";
		};
		332F9AFF28ABDDE80082F759 /* NasaAppUITests */ = {
			isa = PBXGroup;
			children = (
				332F9B0028ABDDE80082F759 /* NasaAppUITests.swift */,
				332F9B0228ABDDE80082F759 /* NasaAppUITestsLaunchTests.swift */,
			);
			path = NasaAppUITests;
			sourceTree = "<group>";
		};
		332F9B0F28ACCD790082F759 /* Service */ = {
			isa = PBXGroup;
			children = (
				332F9B1B28ACD2490082F759 /* NasaService.swift */,
			);
			path = Service;
			sourceTree = "<group>";
		};
		332F9B1028ACCECC0082F759 /* Model */ = {
			isa = PBXGroup;
			children = (
				332F9B2128ACFDCB0082F759 /* Response */,
				332F9B1528ACD0810082F759 /* Photo.swift */,
				332F9B1728ACD08B0082F759 /* Camera.swift */,
				332F9B1928ACD0940082F759 /* Rover.swift */,
				3338746228AE1326009CB4D9 /* RoverType.swift */,
			);
			path = Model;
			sourceTree = "<group>";
		};
		332F9B1128ACCED10082F759 /* Presenter */ = {
			isa = PBXGroup;
			children = (
				332F9B1F28ACF5000082F759 /* NasaPresenter.swift */,
			);
			path = Presenter;
			sourceTree = "<group>";
		};
		332F9B1228ACCEDD0082F759 /* View */ = {
			isa = PBXGroup;
			children = (
				332F9B2728AD19AB0082F759 /* Cells */,
				332F9ADF28ABDDE70082F759 /* AppDelegate.swift */,
				332F9AE128ABDDE70082F759 /* SceneDelegate.swift */,
				332F9AEA28ABDDE80082F759 /* LaunchScreen.storyboard */,
				332F9AE528ABDDE70082F759 /* Main.storyboard */,
				332F9AE328ABDDE70082F759 /* ViewController.swift */,
				3338746428AFA038009CB4D9 /* DetailViewController.swift */,
			);
			path = View;
			sourceTree = "<group>";
		};
		332F9B1428ACD03F0082F759 /* Utils+Extensions */ = {
			isa = PBXGroup;
			children = (
				332F9B2A28AD4DA40082F759 /* UIColor+Extension.swift */,
			);
			path = "Utils+Extensions";
			sourceTree = "<group>";
		};
		332F9B2128ACFDCB0082F759 /* Response */ = {
			isa = PBXGroup;
			children = (
				332F9B2228ACFDE00082F759 /* PhotoResponse.swift */,
			);
			path = Response;
			sourceTree = "<group>";
		};
		332F9B2728AD19AB0082F759 /* Cells */ = {
			isa = PBXGroup;
			children = (
				332F9B2828AD19D60082F759 /* PhotoCell.swift */,
			);
			path = Cells;
			sourceTree = "<group>";
		};
		99CAAD8404ACE1090EE2BAE4 /* Frameworks */ = {
			isa = PBXGroup;
			children = (
				7CF4CB105A4BFE91DDC1E771 /* Pods_NasaApp.framework */,
				86B76DC90C394BEEB97224B0 /* Pods_NasaApp_NasaAppUITests.framework */,
				5FD71B5F690878A08D2EE6E0 /* Pods_NasaAppTests.framework */,
			);
			name = Frameworks;
			sourceTree = "<group>";
		};
		BAC05837E725D717CE767AA5 /* Pods */ = {
			isa = PBXGroup;
			children = (
				F81895ACBC3BB28E272898A6 /* Pods-NasaApp.debug.xcconfig */,
				DEE8AE312E3CFB4BB00B7C97 /* Pods-NasaApp.release.xcconfig */,
				9ECFCE7CDF4F2AE8772F53AD /* Pods-NasaApp-NasaAppUITests.debug.xcconfig */,
				1B1A1192726EB982E0BAE0FB /* Pods-NasaApp-NasaAppUITests.release.xcconfig */,
				6E2DF93C16F7F66DF606A898 /* Pods-NasaAppTests.debug.xcconfig */,
				837228579082CD755BEBB583 /* Pods-NasaAppTests.release.xcconfig */,
			);
			path = Pods;
			sourceTree = "<group>";
		};
/* End PBXGroup section */

/* Begin PBXNativeTarget section */
		332F9ADB28ABDDE70082F759 /* NasaApp */ = {
			isa = PBXNativeTarget;
			buildConfigurationList = 332F9B0628ABDDE80082F759 /* Build configuration list for PBXNativeTarget "NasaApp" */;
			buildPhases = (
				5C4B3E0733FA8FAEE524D082 /* [CP] Check Pods Manifest.lock */,
				332F9AD828ABDDE70082F759 /* Sources */,
				332F9AD928ABDDE70082F759 /* Frameworks */,
				332F9ADA28ABDDE70082F759 /* Resources */,
				8EA2FB8732B0F40624D05D4D /* [CP] Embed Pods Frameworks */,
			);
			buildRules = (
			);
			dependencies = (
			);
			name = NasaApp;
			productName = NasaApp;
			productReference = 332F9ADC28ABDDE70082F759 /* NasaApp.app */;
			productType = "com.apple.product-type.application";
		};
		332F9AF128ABDDE80082F759 /* NasaAppTests */ = {
			isa = PBXNativeTarget;
			buildConfigurationList = 332F9B0928ABDDE80082F759 /* Build configuration list for PBXNativeTarget "NasaAppTests" */;
			buildPhases = (
				092BF824D93EDD35203AEA2F /* [CP] Check Pods Manifest.lock */,
				332F9AEE28ABDDE80082F759 /* Sources */,
				332F9AEF28ABDDE80082F759 /* Frameworks */,
				332F9AF028ABDDE80082F759 /* Resources */,
			);
			buildRules = (
			);
			dependencies = (
				332F9AF428ABDDE80082F759 /* PBXTargetDependency */,
			);
			name = NasaAppTests;
			productName = NasaAppTests;
			productReference = 332F9AF228ABDDE80082F759 /* NasaAppTests.xctest */;
			productType = "com.apple.product-type.bundle.unit-test";
		};
		332F9AFB28ABDDE80082F759 /* NasaAppUITests */ = {
			isa = PBXNativeTarget;
			buildConfigurationList = 332F9B0C28ABDDE80082F759 /* Build configuration list for PBXNativeTarget "NasaAppUITests" */;
			buildPhases = (
				1638CB038ED55D0372B318A4 /* [CP] Check Pods Manifest.lock */,
				332F9AF828ABDDE80082F759 /* Sources */,
				332F9AF928ABDDE80082F759 /* Frameworks */,
				332F9AFA28ABDDE80082F759 /* Resources */,
				E6BB168C9B1B7E5A0E8EA276 /* [CP] Embed Pods Frameworks */,
			);
			buildRules = (
			);
			dependencies = (
				332F9AFE28ABDDE80082F759 /* PBXTargetDependency */,
			);
			name = NasaAppUITests;
			productName = NasaAppUITests;
			productReference = 332F9AFC28ABDDE80082F759 /* NasaAppUITests.xctest */;
			productType = "com.apple.product-type.bundle.ui-testing";
		};
/* End PBXNativeTarget section */

/* Begin PBXProject section */
		332F9AD428ABDDE70082F759 /* Project object */ = {
			isa = PBXProject;
			attributes = {
				BuildIndependentTargetsInParallel = 1;
				LastSwiftUpdateCheck = 1330;
				LastUpgradeCheck = 1330;
				TargetAttributes = {
					332F9ADB28ABDDE70082F759 = {
						CreatedOnToolsVersion = 13.3;
					};
					332F9AF128ABDDE80082F759 = {
						CreatedOnToolsVersion = 13.3;
						TestTargetID = 332F9ADB28ABDDE70082F759;
					};
					332F9AFB28ABDDE80082F759 = {
						CreatedOnToolsVersion = 13.3;
						TestTargetID = 332F9ADB28ABDDE70082F759;
					};
				};
			};
			buildConfigurationList = 332F9AD728ABDDE70082F759 /* Build configuration list for PBXProject "NasaApp" */;
			compatibilityVersion = "Xcode 13.0";
			developmentRegion = en;
			hasScannedForEncodings = 0;
			knownRegions = (
				en,
				Base,
			);
			mainGroup = 332F9AD328ABDDE70082F759;
			productRefGroup = 332F9ADD28ABDDE70082F759 /* Products */;
			projectDirPath = "";
			projectRoot = "";
			targets = (
				332F9ADB28ABDDE70082F759 /* NasaApp */,
				332F9AF128ABDDE80082F759 /* NasaAppTests */,
				332F9AFB28ABDDE80082F759 /* NasaAppUITests */,
			);
		};
/* End PBXProject section */

/* Begin PBXResourcesBuildPhase section */
		332F9ADA28ABDDE70082F759 /* Resources */ = {
			isa = PBXResourcesBuildPhase;
			buildActionMask = 2147483647;
			files = (
				332F9AEC28ABDDE80082F759 /* LaunchScreen.storyboard in Resources */,
				332F9AE928ABDDE80082F759 /* Assets.xcassets in Resources */,
				332F9AE728ABDDE70082F759 /* Main.storyboard in Resources */,
			);
			runOnlyForDeploymentPostprocessing = 0;
		};
		332F9AF028ABDDE80082F759 /* Resources */ = {
			isa = PBXResourcesBuildPhase;
			buildActionMask = 2147483647;
			files = (
			);
			runOnlyForDeploymentPostprocessing = 0;
		};
		332F9AFA28ABDDE80082F759 /* Resources */ = {
			isa = PBXResourcesBuildPhase;
			buildActionMask = 2147483647;
			files = (
			);
			runOnlyForDeploymentPostprocessing = 0;
		};
/* End PBXResourcesBuildPhase section */

/* Begin PBXShellScriptBuildPhase section */
		092BF824D93EDD35203AEA2F /* [CP] Check Pods Manifest.lock */ = {
			isa = PBXShellScriptBuildPhase;
			buildActionMask = 2147483647;
			files = (
			);
			inputFileListPaths = (
			);
			inputPaths = (
				"${PODS_PODFILE_DIR_PATH}/Podfile.lock",
				"${PODS_ROOT}/Manifest.lock",
			);
			name = "[CP] Check Pods Manifest.lock";
			outputFileListPaths = (
			);
			outputPaths = (
				"$(DERIVED_FILE_DIR)/Pods-NasaAppTests-checkManifestLockResult.txt",
			);
			runOnlyForDeploymentPostprocessing = 0;
			shellPath = /bin/sh;
			shellScript = "diff \"${PODS_PODFILE_DIR_PATH}/Podfile.lock\" \"${PODS_ROOT}/Manifest.lock\" > /dev/null\nif [ $? != 0 ] ; then\n    # print error to STDERR\n    echo \"error: The sandbox is not in sync with the Podfile.lock. Run 'pod install' or update your CocoaPods installation.\" >&2\n    exit 1\nfi\n# This output is used by Xcode 'outputs' to avoid re-running this script phase.\necho \"SUCCESS\" > \"${SCRIPT_OUTPUT_FILE_0}\"\n";
			showEnvVarsInLog = 0;
		};
		1638CB038ED55D0372B318A4 /* [CP] Check Pods Manifest.lock */ = {
			isa = PBXShellScriptBuildPhase;
			buildActionMask = 2147483647;
			files = (
			);
			inputFileListPaths = (
			);
			inputPaths = (
				"${PODS_PODFILE_DIR_PATH}/Podfile.lock",
				"${PODS_ROOT}/Manifest.lock",
			);
			name = "[CP] Check Pods Manifest.lock";
			outputFileListPaths = (
			);
			outputPaths = (
				"$(DERIVED_FILE_DIR)/Pods-NasaApp-NasaAppUITests-checkManifestLockResult.txt",
			);
			runOnlyForDeploymentPostprocessing = 0;
			shellPath = /bin/sh;
			shellScript = "diff \"${PODS_PODFILE_DIR_PATH}/Podfile.lock\" \"${PODS_ROOT}/Manifest.lock\" > /dev/null\nif [ $? != 0 ] ; then\n    # print error to STDERR\n    echo \"error: The sandbox is not in sync with the Podfile.lock. Run 'pod install' or update your CocoaPods installation.\" >&2\n    exit 1\nfi\n# This output is used by Xcode 'outputs' to avoid re-running this script phase.\necho \"SUCCESS\" > \"${SCRIPT_OUTPUT_FILE_0}\"\n";
			showEnvVarsInLog = 0;
		};
		5C4B3E0733FA8FAEE524D082 /* [CP] Check Pods Manifest.lock */ = {
			isa = PBXShellScriptBuildPhase;
			buildActionMask = 2147483647;
			files = (
			);
			inputFileListPaths = (
			);
			inputPaths = (
				"${PODS_PODFILE_DIR_PATH}/Podfile.lock",
				"${PODS_ROOT}/Manifest.lock",
			);
			name = "[CP] Check Pods Manifest.lock";
			outputFileListPaths = (
			);
			outputPaths = (
				"$(DERIVED_FILE_DIR)/Pods-NasaApp-checkManifestLockResult.txt",
			);
			runOnlyForDeploymentPostprocessing = 0;
			shellPath = /bin/sh;
			shellScript = "diff \"${PODS_PODFILE_DIR_PATH}/Podfile.lock\" \"${PODS_ROOT}/Manifest.lock\" > /dev/null\nif [ $? != 0 ] ; then\n    # print error to STDERR\n    echo \"error: The sandbox is not in sync with the Podfile.lock. Run 'pod install' or update your CocoaPods installation.\" >&2\n    exit 1\nfi\n# This output is used by Xcode 'outputs' to avoid re-running this script phase.\necho \"SUCCESS\" > \"${SCRIPT_OUTPUT_FILE_0}\"\n";
			showEnvVarsInLog = 0;
		};
		8EA2FB8732B0F40624D05D4D /* [CP] Embed Pods Frameworks */ = {
			isa = PBXShellScriptBuildPhase;
			buildActionMask = 2147483647;
			files = (
			);
			inputFileListPaths = (
				"${PODS_ROOT}/Target Support Files/Pods-NasaApp/Pods-NasaApp-frameworks-${CONFIGURATION}-input-files.xcfilelist",
			);
			name = "[CP] Embed Pods Frameworks";
			outputFileListPaths = (
				"${PODS_ROOT}/Target Support Files/Pods-NasaApp/Pods-NasaApp-frameworks-${CONFIGURATION}-output-files.xcfilelist",
			);
			runOnlyForDeploymentPostprocessing = 0;
			shellPath = /bin/sh;
			shellScript = "\"${PODS_ROOT}/Target Support Files/Pods-NasaApp/Pods-NasaApp-frameworks.sh\"\n";
			showEnvVarsInLog = 0;
		};
		E6BB168C9B1B7E5A0E8EA276 /* [CP] Embed Pods Frameworks */ = {
			isa = PBXShellScriptBuildPhase;
			buildActionMask = 2147483647;
			files = (
			);
			inputFileListPaths = (
				"${PODS_ROOT}/Target Support Files/Pods-NasaApp-NasaAppUITests/Pods-NasaApp-NasaAppUITests-frameworks-${CONFIGURATION}-input-files.xcfilelist",
			);
			name = "[CP] Embed Pods Frameworks";
			outputFileListPaths = (
				"${PODS_ROOT}/Target Support Files/Pods-NasaApp-NasaAppUITests/Pods-NasaApp-NasaAppUITests-frameworks-${CONFIGURATION}-output-files.xcfilelist",
			);
			runOnlyForDeploymentPostprocessing = 0;
			shellPath = /bin/sh;
			shellScript = "\"${PODS_ROOT}/Target Support Files/Pods-NasaApp-NasaAppUITests/Pods-NasaApp-NasaAppUITests-frameworks.sh\"\n";
			showEnvVarsInLog = 0;
		};
/* End PBXShellScriptBuildPhase section */

/* Begin PBXSourcesBuildPhase section */
		332F9AD828ABDDE70082F759 /* Sources */ = {
			isa = PBXSourcesBuildPhase;
			buildActionMask = 2147483647;
			files = (
				3338746528AFA039009CB4D9 /* DetailViewController.swift in Sources */,
				332F9B2328ACFDE00082F759 /* PhotoResponse.swift in Sources */,
				332F9B1628ACD0810082F759 /* Photo.swift in Sources */,
				3338746328AE1326009CB4D9 /* RoverType.swift in Sources */,
				332F9B2028ACF5000082F759 /* NasaPresenter.swift in Sources */,
				332F9B2B28AD4DA40082F759 /* UIColor+Extension.swift in Sources */,
				332F9B1828ACD08B0082F759 /* Camera.swift in Sources */,
				332F9B1A28ACD0940082F759 /* Rover.swift in Sources */,
				332F9AE428ABDDE70082F759 /* ViewController.swift in Sources */,
				332F9B2928AD19D60082F759 /* PhotoCell.swift in Sources */,
				332F9AE028ABDDE70082F759 /* AppDelegate.swift in Sources */,
				332F9B1C28ACD2490082F759 /* NasaService.swift in Sources */,
				332F9AE228ABDDE70082F759 /* SceneDelegate.swift in Sources */,
			);
			runOnlyForDeploymentPostprocessing = 0;
		};
		332F9AEE28ABDDE80082F759 /* Sources */ = {
			isa = PBXSourcesBuildPhase;
			buildActionMask = 2147483647;
			files = (
				332F9AF728ABDDE80082F759 /* NasaAppTests.swift in Sources */,
			);
			runOnlyForDeploymentPostprocessing = 0;
		};
		332F9AF828ABDDE80082F759 /* Sources */ = {
			isa = PBXSourcesBuildPhase;
			buildActionMask = 2147483647;
			files = (
				332F9B0128ABDDE80082F759 /* NasaAppUITests.swift in Sources */,
				332F9B0328ABDDE80082F759 /* NasaAppUITestsLaunchTests.swift in Sources */,
			);
			runOnlyForDeploymentPostprocessing = 0;
		};
/* End PBXSourcesBuildPhase section */

/* Begin PBXTargetDependency section */
		332F9AF428ABDDE80082F759 /* PBXTargetDependency */ = {
			isa = PBXTargetDependency;
			target = 332F9ADB28ABDDE70082F759 /* NasaApp */;
			targetProxy = 332F9AF328ABDDE80082F759 /* PBXContainerItemProxy */;
		};
		332F9AFE28ABDDE80082F759 /* PBXTargetDependency */ = {
			isa = PBXTargetDependency;
			target = 332F9ADB28ABDDE70082F759 /* NasaApp */;
			targetProxy = 332F9AFD28ABDDE80082F759 /* PBXContainerItemProxy */;
		};
/* End PBXTargetDependency section */

/* Begin PBXVariantGroup section */
		332F9AE528ABDDE70082F759 /* Main.storyboard */ = {
			isa = PBXVariantGroup;
			children = (
				332F9AE628ABDDE70082F759 /* Base */,
			);
			name = Main.storyboard;
			sourceTree = "<group>";
		};
		332F9AEA28ABDDE80082F759 /* LaunchScreen.storyboard */ = {
			isa = PBXVariantGroup;
			children = (
				332F9AEB28ABDDE80082F759 /* Base */,
			);
			name = LaunchScreen.storyboard;
			sourceTree = "<group>";
		};
/* End PBXVariantGroup section */

/* Begin XCBuildConfiguration section */
		332F9B0428ABDDE80082F759 /* Debug */ = {
			isa = XCBuildConfiguration;
			buildSettings = {
				ALWAYS_SEARCH_USER_PATHS = NO;
				CLANG_ANALYZER_NONNULL = YES;
				CLANG_ANALYZER_NUMBER_OBJECT_CONVERSION = YES_AGGRESSIVE;
				CLANG_CXX_LANGUAGE_STANDARD = "gnu++17";
				CLANG_ENABLE_MODULES = YES;
				CLANG_ENABLE_OBJC_ARC = YES;
				CLANG_ENABLE_OBJC_WEAK = YES;
				CLANG_WARN_BLOCK_CAPTURE_AUTORELEASING = YES;
				CLANG_WARN_BOOL_CONVERSION = YES;
				CLANG_WARN_COMMA = YES;
				CLANG_WARN_CONSTANT_CONVERSION = YES;
				CLANG_WARN_DEPRECATED_OBJC_IMPLEMENTATIONS = YES;
				CLANG_WARN_DIRECT_OBJC_ISA_USAGE = YES_ERROR;
				CLANG_WARN_DOCUMENTATION_COMMENTS = YES;
				CLANG_WARN_EMPTY_BODY = YES;
				CLANG_WARN_ENUM_CONVERSION = YES;
				CLANG_WARN_INFINITE_RECURSION = YES;
				CLANG_WARN_INT_CONVERSION = YES;
				CLANG_WARN_NON_LITERAL_NULL_CONVERSION = YES;
				CLANG_WARN_OBJC_IMPLICIT_RETAIN_SELF = YES;
				CLANG_WARN_OBJC_LITERAL_CONVERSION = YES;
				CLANG_WARN_OBJC_ROOT_CLASS = YES_ERROR;
				CLANG_WARN_QUOTED_INCLUDE_IN_FRAMEWORK_HEADER = YES;
				CLANG_WARN_RANGE_LOOP_ANALYSIS = YES;
				CLANG_WARN_STRICT_PROTOTYPES = YES;
				CLANG_WARN_SUSPICIOUS_MOVE = YES;
				CLANG_WARN_UNGUARDED_AVAILABILITY = YES_AGGRESSIVE;
				CLANG_WARN_UNREACHABLE_CODE = YES;
				CLANG_WARN__DUPLICATE_METHOD_MATCH = YES;
				COPY_PHASE_STRIP = NO;
				DEBUG_INFORMATION_FORMAT = dwarf;
				ENABLE_STRICT_OBJC_MSGSEND = YES;
				ENABLE_TESTABILITY = YES;
				GCC_C_LANGUAGE_STANDARD = gnu11;
				GCC_DYNAMIC_NO_PIC = NO;
				GCC_NO_COMMON_BLOCKS = YES;
				GCC_OPTIMIZATION_LEVEL = 0;
				GCC_PREPROCESSOR_DEFINITIONS = (
					"DEBUG=1",
					"$(inherited)",
				);
				GCC_WARN_64_TO_32_BIT_CONVERSION = YES;
				GCC_WARN_ABOUT_RETURN_TYPE = YES_ERROR;
				GCC_WARN_UNDECLARED_SELECTOR = YES;
				GCC_WARN_UNINITIALIZED_AUTOS = YES_AGGRESSIVE;
				GCC_WARN_UNUSED_FUNCTION = YES;
				GCC_WARN_UNUSED_VARIABLE = YES;
				IPHONEOS_DEPLOYMENT_TARGET = 15.4;
				MTL_ENABLE_DEBUG_INFO = INCLUDE_SOURCE;
				MTL_FAST_MATH = YES;
				ONLY_ACTIVE_ARCH = YES;
				SDKROOT = iphoneos;
				SWIFT_ACTIVE_COMPILATION_CONDITIONS = DEBUG;
				SWIFT_OPTIMIZATION_LEVEL = "-Onone";
			};
			name = Debug;
		};
		332F9B0528ABDDE80082F759 /* Release */ = {
			isa = XCBuildConfiguration;
			buildSettings = {
				ALWAYS_SEARCH_USER_PATHS = NO;
				CLANG_ANALYZER_NONNULL = YES;
				CLANG_ANALYZER_NUMBER_OBJECT_CONVERSION = YES_AGGRESSIVE;
				CLANG_CXX_LANGUAGE_STANDARD = "gnu++17";
				CLANG_ENABLE_MODULES = YES;
				CLANG_ENABLE_OBJC_ARC = YES;
				CLANG_ENABLE_OBJC_WEAK = YES;
				CLANG_WARN_BLOCK_CAPTURE_AUTORELEASING = YES;
				CLANG_WARN_BOOL_CONVERSION = YES;
				CLANG_WARN_COMMA = YES;
				CLANG_WARN_CONSTANT_CONVERSION = YES;
				CLANG_WARN_DEPRECATED_OBJC_IMPLEMENTATIONS = YES;
				CLANG_WARN_DIRECT_OBJC_ISA_USAGE = YES_ERROR;
				CLANG_WARN_DOCUMENTATION_COMMENTS = YES;
				CLANG_WARN_EMPTY_BODY = YES;
				CLANG_WARN_ENUM_CONVERSION = YES;
				CLANG_WARN_INFINITE_RECURSION = YES;
				CLANG_WARN_INT_CONVERSION = YES;
				CLANG_WARN_NON_LITERAL_NULL_CONVERSION = YES;
				CLANG_WARN_OBJC_IMPLICIT_RETAIN_SELF = YES;
				CLANG_WARN_OBJC_LITERAL_CONVERSION = YES;
				CLANG_WARN_OBJC_ROOT_CLASS = YES_ERROR;
				CLANG_WARN_QUOTED_INCLUDE_IN_FRAMEWORK_HEADER = YES;
				CLANG_WARN_RANGE_LOOP_ANALYSIS = YES;
				CLANG_WARN_STRICT_PROTOTYPES = YES;
				CLANG_WARN_SUSPICIOUS_MOVE = YES;
				CLANG_WARN_UNGUARDED_AVAILABILITY = YES_AGGRESSIVE;
				CLANG_WARN_UNREACHABLE_CODE = YES;
				CLANG_WARN__DUPLICATE_METHOD_MATCH = YES;
				COPY_PHASE_STRIP = NO;
				DEBUG_INFORMATION_FORMAT = "dwarf-with-dsym";
				ENABLE_NS_ASSERTIONS = NO;
				ENABLE_STRICT_OBJC_MSGSEND = YES;
				GCC_C_LANGUAGE_STANDARD = gnu11;
				GCC_NO_COMMON_BLOCKS = YES;
				GCC_WARN_64_TO_32_BIT_CONVERSION = YES;
				GCC_WARN_ABOUT_RETURN_TYPE = YES_ERROR;
				GCC_WARN_UNDECLARED_SELECTOR = YES;
				GCC_WARN_UNINITIALIZED_AUTOS = YES_AGGRESSIVE;
				GCC_WARN_UNUSED_FUNCTION = YES;
				GCC_WARN_UNUSED_VARIABLE = YES;
				IPHONEOS_DEPLOYMENT_TARGET = 15.4;
				MTL_ENABLE_DEBUG_INFO = NO;
				MTL_FAST_MATH = YES;
				SDKROOT = iphoneos;
				SWIFT_COMPILATION_MODE = wholemodule;
				SWIFT_OPTIMIZATION_LEVEL = "-O";
				VALIDATE_PRODUCT = YES;
			};
			name = Release;
		};
		332F9B0728ABDDE80082F759 /* Debug */ = {
			isa = XCBuildConfiguration;
			baseConfigurationReference = F81895ACBC3BB28E272898A6 /* Pods-NasaApp.debug.xcconfig */;
			buildSettings = {
				ASSETCATALOG_COMPILER_APPICON_NAME = AppIcon;
				ASSETCATALOG_COMPILER_GLOBAL_ACCENT_COLOR_NAME = AccentColor;
				CODE_SIGN_STYLE = Automatic;
				CURRENT_PROJECT_VERSION = 1;
				DEVELOPMENT_TEAM = W2NQ2X2W4T;
				GENERATE_INFOPLIST_FILE = YES;
				INFOPLIST_FILE = NasaApp/Info.plist;
				INFOPLIST_KEY_UIApplicationSupportsIndirectInputEvents = YES;
				INFOPLIST_KEY_UILaunchStoryboardName = LaunchScreen;
				INFOPLIST_KEY_UIMainStoryboardFile = Main;
				INFOPLIST_KEY_UISupportedInterfaceOrientations = UIInterfaceOrientationPortrait;
				INFOPLIST_KEY_UISupportedInterfaceOrientations_iPad = "UIInterfaceOrientationPortrait UIInterfaceOrientationPortraitUpsideDown UIInterfaceOrientationLandscapeLeft UIInterfaceOrientationLandscapeRight";
				INFOPLIST_KEY_UISupportedInterfaceOrientations_iPhone = "UIInterfaceOrientationPortrait UIInterfaceOrientationLandscapeLeft UIInterfaceOrientationLandscapeRight";
				LD_RUNPATH_SEARCH_PATHS = (
					"$(inherited)",
					"@executable_path/Frameworks",
				);
				MARKETING_VERSION = 1.0;
				PRODUCT_BUNDLE_IDENTIFIER = melihozden.NasaApp;
				PRODUCT_NAME = "$(TARGET_NAME)";
				SWIFT_EMIT_LOC_STRINGS = YES;
				SWIFT_VERSION = 5.0;
				TARGETED_DEVICE_FAMILY = "1,2";
			};
			name = Debug;
		};
		332F9B0828ABDDE80082F759 /* Release */ = {
			isa = XCBuildConfiguration;
			baseConfigurationReference = DEE8AE312E3CFB4BB00B7C97 /* Pods-NasaApp.release.xcconfig */;
			buildSettings = {
				ASSETCATALOG_COMPILER_APPICON_NAME = AppIcon;
				ASSETCATALOG_COMPILER_GLOBAL_ACCENT_COLOR_NAME = AccentColor;
				CODE_SIGN_STYLE = Automatic;
				CURRENT_PROJECT_VERSION = 1;
				DEVELOPMENT_TEAM = W2NQ2X2W4T;
				GENERATE_INFOPLIST_FILE = YES;
				INFOPLIST_FILE = NasaApp/Info.plist;
				INFOPLIST_KEY_UIApplicationSupportsIndirectInputEvents = YES;
				INFOPLIST_KEY_UILaunchStoryboardName = LaunchScreen;
				INFOPLIST_KEY_UIMainStoryboardFile = Main;
				INFOPLIST_KEY_UISupportedInterfaceOrientations = UIInterfaceOrientationPortrait;
				INFOPLIST_KEY_UISupportedInterfaceOrientations_iPad = "UIInterfaceOrientationPortrait UIInterfaceOrientationPortraitUpsideDown UIInterfaceOrientationLandscapeLeft UIInterfaceOrientationLandscapeRight";
				INFOPLIST_KEY_UISupportedInterfaceOrientations_iPhone = "UIInterfaceOrientationPortrait UIInterfaceOrientationLandscapeLeft UIInterfaceOrientationLandscapeRight";
				LD_RUNPATH_SEARCH_PATHS = (
					"$(inherited)",
					"@executable_path/Frameworks",
				);
				MARKETING_VERSION = 1.0;
				PRODUCT_BUNDLE_IDENTIFIER = melihozden.NasaApp;
				PRODUCT_NAME = "$(TARGET_NAME)";
				SWIFT_EMIT_LOC_STRINGS = YES;
				SWIFT_VERSION = 5.0;
				TARGETED_DEVICE_FAMILY = "1,2";
			};
			name = Release;
		};
		332F9B0A28ABDDE80082F759 /* Debug */ = {
			isa = XCBuildConfiguration;
			baseConfigurationReference = 6E2DF93C16F7F66DF606A898 /* Pods-NasaAppTests.debug.xcconfig */;
			buildSettings = {
				ALWAYS_EMBED_SWIFT_STANDARD_LIBRARIES = YES;
				BUNDLE_LOADER = "$(TEST_HOST)";
				CODE_SIGN_STYLE = Automatic;
				CURRENT_PROJECT_VERSION = 1;
				DEVELOPMENT_TEAM = W2NQ2X2W4T;
				GENERATE_INFOPLIST_FILE = YES;
				IPHONEOS_DEPLOYMENT_TARGET = 15.4;
				MARKETING_VERSION = 1.0;
				PRODUCT_BUNDLE_IDENTIFIER = melihozden.NasaAppTests;
				PRODUCT_NAME = "$(TARGET_NAME)";
				SWIFT_EMIT_LOC_STRINGS = NO;
				SWIFT_VERSION = 5.0;
				TARGETED_DEVICE_FAMILY = "1,2";
				TEST_HOST = "$(BUILT_PRODUCTS_DIR)/NasaApp.app/NasaApp";
			};
			name = Debug;
		};
		332F9B0B28ABDDE80082F759 /* Release */ = {
			isa = XCBuildConfiguration;
			baseConfigurationReference = 837228579082CD755BEBB583 /* Pods-NasaAppTests.release.xcconfig */;
			buildSettings = {
				ALWAYS_EMBED_SWIFT_STANDARD_LIBRARIES = YES;
				BUNDLE_LOADER = "$(TEST_HOST)";
				CODE_SIGN_STYLE = Automatic;
				CURRENT_PROJECT_VERSION = 1;
				DEVELOPMENT_TEAM = W2NQ2X2W4T;
				GENERATE_INFOPLIST_FILE = YES;
				IPHONEOS_DEPLOYMENT_TARGET = 15.4;
				MARKETING_VERSION = 1.0;
				PRODUCT_BUNDLE_IDENTIFIER = melihozden.NasaAppTests;
				PRODUCT_NAME = "$(TARGET_NAME)";
				SWIFT_EMIT_LOC_STRINGS = NO;
				SWIFT_VERSION = 5.0;
				TARGETED_DEVICE_FAMILY = "1,2";
				TEST_HOST = "$(BUILT_PRODUCTS_DIR)/NasaApp.app/NasaApp";
			};
			name = Release;
		};
		332F9B0D28ABDDE80082F759 /* Debug */ = {
			isa = XCBuildConfiguration;
			baseConfigurationReference = 9ECFCE7CDF4F2AE8772F53AD /* Pods-NasaApp-NasaAppUITests.debug.xcconfig */;
			buildSettings = {
				ALWAYS_EMBED_SWIFT_STANDARD_LIBRARIES = YES;
				CODE_SIGN_STYLE = Automatic;
				CURRENT_PROJECT_VERSION = 1;
				DEVELOPMENT_TEAM = W2NQ2X2W4T;
				GENERATE_INFOPLIST_FILE = YES;
				MARKETING_VERSION = 1.0;
				PRODUCT_BUNDLE_IDENTIFIER = melihozden.NasaAppUITests;
				PRODUCT_NAME = "$(TARGET_NAME)";
				SWIFT_EMIT_LOC_STRINGS = NO;
				SWIFT_VERSION = 5.0;
				TARGETED_DEVICE_FAMILY = "1,2";
				TEST_TARGET_NAME = NasaApp;
			};
			name = Debug;
		};
		332F9B0E28ABDDE80082F759 /* Release */ = {
			isa = XCBuildConfiguration;
			baseConfigurationReference = 1B1A1192726EB982E0BAE0FB /* Pods-NasaApp-NasaAppUITests.release.xcconfig */;
			buildSettings = {
				ALWAYS_EMBED_SWIFT_STANDARD_LIBRARIES = YES;
				CODE_SIGN_STYLE = Automatic;
				CURRENT_PROJECT_VERSION = 1;
				DEVELOPMENT_TEAM = W2NQ2X2W4T;
				GENERATE_INFOPLIST_FILE = YES;
				MARKETING_VERSION = 1.0;
				PRODUCT_BUNDLE_IDENTIFIER = melihozden.NasaAppUITests;
				PRODUCT_NAME = "$(TARGET_NAME)";
				SWIFT_EMIT_LOC_STRINGS = NO;
				SWIFT_VERSION = 5.0;
				TARGETED_DEVICE_FAMILY = "1,2";
				TEST_TARGET_NAME = NasaApp;
			};
			name = Release;
		};
/* End XCBuildConfiguration section */

/* Begin XCConfigurationList section */
		332F9AD728ABDDE70082F759 /* Build configuration list for PBXProject "NasaApp" */ = {
			isa = XCConfigurationList;
			buildConfigurations = (
				332F9B0428ABDDE80082F759 /* Debug */,
				332F9B0528ABDDE80082F759 /* Release */,
			);
			defaultConfigurationIsVisible = 0;
			defaultConfigurationName = Release;
		};
		332F9B0628ABDDE80082F759 /* Build configuration list for PBXNativeTarget "NasaApp" */ = {
			isa = XCConfigurationList;
			buildConfigurations = (
				332F9B0728ABDDE80082F759 /* Debug */,
				332F9B0828ABDDE80082F759 /* Release */,
			);
			defaultConfigurationIsVisible = 0;
			defaultConfigurationName = Release;
		};
		332F9B0928ABDDE80082F759 /* Build configuration list for PBXNativeTarget "NasaAppTests" */ = {
			isa = XCConfigurationList;
			buildConfigurations = (
				332F9B0A28ABDDE80082F759 /* Debug */,
				332F9B0B28ABDDE80082F759 /* Release */,
			);
			defaultConfigurationIsVisible = 0;
			defaultConfigurationName = Release;
		};
		332F9B0C28ABDDE80082F759 /* Build configuration list for PBXNativeTarget "NasaAppUITests" */ = {
			isa = XCConfigurationList;
			buildConfigurations = (
				332F9B0D28ABDDE80082F759 /* Debug */,
				332F9B0E28ABDDE80082F759 /* Release */,
			);
			defaultConfigurationIsVisible = 0;
			defaultConfigurationName = Release;
		};
/* End XCConfigurationList section */
	};
	rootObject = 332F9AD428ABDDE70082F759 /* Project object */;
}
